
Microsoft Visual Studio Solution File, Format Version 12.00
# Visual Studio Version 17
VisualStudioVersion = 17.5.002.0
MinimumVisualStudioVersion = 10.0.40219.1
Project("{9A19103F-16F7-4668-BE54-9A1E7A4F7556}") = "JS final project", "JS final project.csproj", "{CC848254-8E02-41F5-8E5F-21C50226378F}"
EndProject
Global
	GlobalSection(SolutionConfigurationPlatforms) = preSolution
		Debug|Any CPU = Debug|Any CPU
		Release|Any CPU = Release|Any CPU
	EndGlobalSection
	GlobalSection(ProjectConfigurationPlatforms) = postSolution
		{CC848254-8E02-41F5-8E5F-21C50226378F}.Debug|Any CPU.ActiveCfg = Debug|Any CPU
		{CC848254-8E02-41F5-8E5F-21C50226378F}.Debug|Any CPU.Build.0 = Debug|Any CPU
		{CC848254-8E02-41F5-8E5F-21C50226378F}.Release|Any CPU.ActiveCfg = Release|Any CPU
		{CC848254-8E02-41F5-8E5F-21C50226378F}.Release|Any CPU.Build.0 = Release|Any CPU
	EndGlobalSection
	GlobalSection(SolutionProperties) = preSolution
		HideSolutionNode = FALSE
	EndGlobalSection
	GlobalSection(ExtensibilityGlobals) = postSolution
		SolutionGuid = {6498FEB2-741B-43FC-80A1-EC0DF3D9DDD7}
	EndGlobalSection
EndGlobal
